{
    "_readme": [
        "This file locks the dependencies of your project to a known state",
        "Read more about it at https://getcomposer.org/doc/01-basic-usage.md#installing-dependencies",
        "This file is @generated automatically"
    ],
    "content-hash": "be48f3333c65f59dc6e494bbd74ea525",
    "packages": [
        {
            "name": "tecnickcom/tc-lib-barcode",
            "version": "1.17.24",
            "source": {
                "type": "git",
                "url": "https://github.com/tecnickcom/tc-lib-barcode.git",
                "reference": "73e64cad6df33cfd05ca5009773975fcb0d9b960"
            },
            "dist": {
                "type": "zip",
                "url": "https://api.github.com/repos/tecnickcom/tc-lib-barcode/zipball/73e64cad6df33cfd05ca5009773975fcb0d9b960",
                "reference": "73e64cad6df33cfd05ca5009773975fcb0d9b960",
                "shasum": ""
            },
            "require": {
                "ext-bcmath": "*",
                "ext-date": "*",
                "ext-gd": "*",
                "ext-pcre": "*",
                "php": ">=5.4",
                "tecnickcom/tc-lib-color": "^1.14"
            },
            "require-dev": {
                "pdepend/pdepend": "2.13.0",
                "phploc/phploc": "7.0.2 || 6.0.2 || 5.0.0 || 4.0.1 || 3.0.1 || 2.1.5",
                "phpmd/phpmd": "2.13.0",
                "phpunit/phpunit": "10.1.2 || 9.6.7 || 8.5.31 || 7.5.20 || 6.5.14 || 5.7.27 || 4.8.36",
                "sebastian/phpcpd": "6.0.3 || 5.0.2 || 4.1.0 || 3.0.1 || 2.0.4",
                "squizlabs/php_codesniffer": "3.7.2 || 2.9.2"
            },
            "type": "library",
            "autoload": {
                "psr-4": {
                    "Com\\Tecnick\\Barcode\\": "src"
                }
            },
            "notification-url": "https://packagist.org/downloads/",
            "license": [
                "LGPL-3.0"
            ],
            "authors": [
                {
                    "name": "Nicola Asuni",
                    "email": "info@tecnick.com",
                    "role": "lead"
                }
            ],
            "description": "PHP library to generate linear and bidimensional barcodes",
            "homepage": "http://www.tecnick.com",
            "keywords": [
                "3 of 9",
                "ANSI MH10.8M-1983",
                "CBC",
                "CODABAR",
                "CODE 11",
                "CODE 128 A B C",
                "CODE 39",
                "CODE 93",
                "EAN 13",
                "EAN 8",
                "ECC200",
                "Intelligent Mail Barcode",
                "Interleaved 2 of 5",
                "KIX",
                "Klant",
                "MSI",
                "Onecode",
                "PHARMACODE",
                "PHARMACODE TWO-TRACKS",
                "POSTNET",
                "RMS4CC",
                "Standard 2 of 5",
                "UPC-A",
                "UPC-E",
                "USD-3",
                "USPS-B-3200",
                "USS-93",
                "barcode",
                "datamatrix",
                "pdf417",
                "planet",
                "qr-code",
                "royal mail",
                "tc-lib-barcode",
                "upc"
            ],
            "support": {
                "issues": "https://github.com/tecnickcom/tc-lib-barcode/issues",
                "source": "https://github.com/tecnickcom/tc-lib-barcode/tree/1.17.24"
            },
            "funding": [
                {
                    "url": "https://www.paypal.com/cgi-bin/webscr?cmd=_donations&currency_code=GBP&business=paypal@tecnick.com&item_name=donation%20for%20tc-lib-barcode%20project",
                    "type": "custom"
                }
            ],
            "time": "2023-05-04T16:32:06+00:00"
        },
        {
            "name": "tecnickcom/tc-lib-color",
            "version": "1.14.23",
            "source": {
                "type": "git",
                "url": "https://github.com/tecnickcom/tc-lib-color.git",
                "reference": "44dd214d6ccd6970b87ab54615b59015707fb888"
            },
            "dist": {
                "type": "zip",
                "url": "https://api.github.com/repos/tecnickcom/tc-lib-color/zipball/44dd214d6ccd6970b87ab54615b59015707fb888",
                "reference": "44dd214d6ccd6970b87ab54615b59015707fb888",
                "shasum": ""
            },
            "require": {
                "ext-pcre": "*",
                "php": ">=5.3"
            },
            "require-dev": {
                "pdepend/pdepend": "2.13.0",
                "phploc/phploc": "7.0.2 || 6.0.2 || 5.0.0 || 4.0.1 || 3.0.1 || 2.1.5",
                "phpmd/phpmd": "2.13.0",
                "phpunit/phpunit": "10.1.2 || 9.6.7 || 8.5.31 || 7.5.20 || 6.5.14 || 5.7.27 || 4.8.36",
                "sebastian/phpcpd": "6.0.3 || 5.0.2 || 4.1.0 || 3.0.1 || 2.0.4",
                "squizlabs/php_codesniffer": "3.7.2 || 2.9.2"
            },
            "type": "library",
            "autoload": {
                "psr-4": {
                    "Com\\Tecnick\\Color\\": "src"
                }
            },
            "notification-url": "https://packagist.org/downloads/",
            "license": [
                "LGPL-3.0"
            ],
            "authors": [
                {
                    "name": "Nicola Asuni",
                    "email": "info@tecnick.com",
                    "role": "lead"
                }
            ],
            "description": "PHP library to manipulate various color representations",
            "homepage": "http://www.tecnick.com",
            "keywords": [
                "cmyk",
                "color",
                "colors",
                "colour",
                "colours",
                "hsl",
                "hsla",
                "javascript",
                "rgb",
                "rgba",
                "tc-lib-color",
                "web"
            ],
            "support": {
                "issues": "https://github.com/tecnickcom/tc-lib-color/issues",
                "source": "https://github.com/tecnickcom/tc-lib-color/tree/1.14.23"
            },
            "funding": [
                {
                    "url": "https://www.paypal.com/cgi-bin/webscr?cmd=_donations&currency_code=GBP&business=paypal@tecnick.com&item_name=donation%20for%20tc-lib-color%20project",
                    "type": "custom"
                }
            ],
            "time": "2023-05-04T16:08:39+00:00"
        },
        {
            "name": "tecnickcom/tc-lib-file",
            "version": "1.7.23",
            "source": {
                "type": "git",
                "url": "https://github.com/tecnickcom/tc-lib-file.git",
                "reference": "d3bdda5abff325ba1cd7b5b9ad546749d3ce46aa"
            },
            "dist": {
                "type": "zip",
                "url": "https://api.github.com/repos/tecnickcom/tc-lib-file/zipball/d3bdda5abff325ba1cd7b5b9ad546749d3ce46aa",
                "reference": "d3bdda5abff325ba1cd7b5b9ad546749d3ce46aa",
                "shasum": ""
            },
            "require": {
                "ext-curl": "*",
                "ext-pcre": "*",
                "php": ">=5.4"
            },
            "require-dev": {
                "pdepend/pdepend": "2.13.0",
                "phploc/phploc": "7.0.2 || 6.0.2 || 5.0.0 || 4.0.1 || 3.0.1 || 2.1.5",
                "phpmd/phpmd": "2.13.0",
                "phpunit/phpunit": "10.1.2 || 9.6.7 || 8.5.31 || 7.5.20 || 6.5.14 || 5.7.27 || 4.8.36",
                "sebastian/phpcpd": "6.0.3 || 5.0.2 || 4.1.0 || 3.0.1 || 2.0.4",
                "squizlabs/php_codesniffer": "3.7.2 || 2.9.2"
            },
            "type": "library",
            "autoload": {
                "psr-4": {
                    "Com\\Tecnick\\File\\": "src"
                }
            },
            "notification-url": "https://packagist.org/downloads/",
            "license": [
                "LGPL-3.0"
            ],
            "authors": [
                {
                    "name": "Nicola Asuni",
                    "email": "info@tecnick.com",
                    "role": "lead"
                }
            ],
            "description": "PHP library to read byte-level data from files",
            "homepage": "http://www.tecnick.com",
            "keywords": [
                "Double",
                "bit",
                "byte",
                "file",
                "long",
                "read",
                "short",
                "tc-lib-file"
            ],
            "support": {
                "issues": "https://github.com/tecnickcom/tc-lib-file/issues",
                "source": "https://github.com/tecnickcom/tc-lib-file/tree/1.7.23"
            },
            "funding": [
                {
                    "url": "https://www.paypal.com/cgi-bin/webscr?cmd=_donations&currency_code=GBP&business=paypal@tecnick.com&item_name=donation%20for%20tc-lib-file%20project",
                    "type": "custom"
                }
            ],
            "time": "2023-05-04T16:30:44+00:00"
        },
        {
            "name": "tecnickcom/tc-lib-pdf",
            "version": "8.0.21",
            "source": {
                "type": "git",
                "url": "https://github.com/tecnickcom/tc-lib-pdf.git",
                "reference": "c3dbe847ad6a3068d5c145bef775361c69590382"
            },
            "dist": {
                "type": "zip",
                "url": "https://api.github.com/repos/tecnickcom/tc-lib-pdf/zipball/c3dbe847ad6a3068d5c145bef775361c69590382",
                "reference": "c3dbe847ad6a3068d5c145bef775361c69590382",
                "shasum": ""
            },
            "require": {
                "ext-date": "*",
                "ext-pcre": "*",
                "php": ">=5.4",
                "tecnickcom/tc-lib-barcode": "^1.17",
                "tecnickcom/tc-lib-color": "^1.14",
                "tecnickcom/tc-lib-file": "^1.7",
                "tecnickcom/tc-lib-pdf-encrypt": "^1.6",
                "tecnickcom/tc-lib-pdf-font": "^1.11",
                "tecnickcom/tc-lib-pdf-graph": "^1.7",
                "tecnickcom/tc-lib-pdf-image": "^1.4",
                "tecnickcom/tc-lib-pdf-page": "^3.1",
                "tecnickcom/tc-lib-unicode": "^1.4",
                "tecnickcom/tc-lib-unicode-data": "^1.7"
            },
            "require-dev": {
                "pdepend/pdepend": "2.13.0",
                "phploc/phploc": "7.0.2 || 6.0.2 || 5.0.0 || 4.0.1 || 3.0.1 || 2.1.5",
                "phpmd/phpmd": "2.13.0",
                "phpunit/phpunit": "10.1.2 || 9.6.7 || 8.5.31 || 7.5.20 || 6.5.14 || 5.7.27 || 4.8.36",
                "sebastian/phpcpd": "6.0.3 || 5.0.2 || 4.1.0 || 3.0.1 || 2.0.4",
                "squizlabs/php_codesniffer": "3.7.2 || 2.9.2"
            },
            "type": "library",
            "autoload": {
                "psr-4": {
                    "Com\\Tecnick\\Pdf\\": "src"
                }
            },
            "notification-url": "https://packagist.org/downloads/",
            "license": [
                "LGPL-3.0"
            ],
            "authors": [
                {
                    "name": "Nicola Asuni",
                    "email": "info@tecnick.com",
                    "role": "lead"
                }
            ],
            "description": "PHP PDF Library",
            "homepage": "http://www.tecnick.com",
            "keywords": [
                "PDFD32000-2008",
                "TCPDF",
                "document",
                "pdf",
                "tc-lib-pdf"
            ],
            "support": {
                "issues": "https://github.com/tecnickcom/tc-lib-pdf/issues",
                "source": "https://github.com/tecnickcom/tc-lib-pdf/tree/8.0.21"
            },
            "funding": [
                {
                    "url": "https://www.paypal.com/cgi-bin/webscr?cmd=_donations&currency_code=GBP&business=paypal@tecnick.com&item_name=donation%20for%20tc-lib-pdf%20project",
                    "type": "custom"
                }
            ],
            "time": "2023-05-04T16:35:16+00:00"
        },
        {
            "name": "tecnickcom/tc-lib-pdf-encrypt",
            "version": "1.6.19",
            "source": {
                "type": "git",
                "url": "https://github.com/tecnickcom/tc-lib-pdf-encrypt.git",
                "reference": "edfbf672e82209319e14ccba254a921c3ce82ade"
            },
            "dist": {
                "type": "zip",
                "url": "https://api.github.com/repos/tecnickcom/tc-lib-pdf-encrypt/zipball/edfbf672e82209319e14ccba254a921c3ce82ade",
                "reference": "edfbf672e82209319e14ccba254a921c3ce82ade",
                "shasum": ""
            },
            "require": {
                "ext-date": "*",
                "ext-hash": "*",
                "ext-openssl": "*",
                "ext-pcre": "*",
                "php": ">=5.4"
            },
            "require-dev": {
                "pdepend/pdepend": "2.13.0",
                "phploc/phploc": "7.0.2 || 6.0.2 || 5.0.0 || 4.0.1 || 3.0.1 || 2.1.5",
                "phpmd/phpmd": "2.13.0",
                "phpunit/phpunit": "10.1.2 || 9.6.7 || 8.5.31 || 7.5.20 || 6.5.14 || 5.7.27 || 4.8.36",
                "sebastian/phpcpd": "6.0.3 || 5.0.2 || 4.1.0 || 3.0.1 || 2.0.4",
                "squizlabs/php_codesniffer": "3.7.2 || 2.9.2"
            },
            "suggest": {
                "ext-posix": "*"
            },
            "type": "library",
            "autoload": {
                "psr-4": {
                    "Com\\Tecnick\\Pdf\\Encrypt\\": "src"
                }
            },
            "notification-url": "https://packagist.org/downloads/",
            "license": [
                "LGPL-3.0"
            ],
            "authors": [
                {
                    "name": "Nicola Asuni",
                    "email": "info@tecnick.com",
                    "role": "lead"
                }
            ],
            "description": "PHP library to encrypt data for PDF",
            "homepage": "http://www.tecnick.com",
            "keywords": [
                "aes",
                "encrypt",
                "encryption",
                "pdf",
                "rc4",
                "tc-lib-pdf-encrypt"
            ],
            "support": {
                "issues": "https://github.com/tecnickcom/tc-lib-pdf-encrypt/issues",
                "source": "https://github.com/tecnickcom/tc-lib-pdf-encrypt/tree/1.6.19"
            },
            "funding": [
                {
                    "url": "https://www.paypal.com/cgi-bin/webscr?cmd=_donations&currency_code=GBP&business=paypal@tecnick.com&item_name=donation%20for%20tc-lib-pdf-encrypt%20project",
                    "type": "custom"
                }
            ],
            "time": "2023-05-04T16:30:58+00:00"
        },
        {
            "name": "tecnickcom/tc-lib-pdf-font",
            "version": "1.11.5",
            "source": {
                "type": "git",
                "url": "https://github.com/tecnickcom/tc-lib-pdf-font.git",
                "reference": "1d583563c992db685e6c022e240868af7af5ad65"
            },
            "dist": {
                "type": "zip",
                "url": "https://api.github.com/repos/tecnickcom/tc-lib-pdf-font/zipball/1d583563c992db685e6c022e240868af7af5ad65",
                "reference": "1d583563c992db685e6c022e240868af7af5ad65",
                "shasum": ""
            },
            "require": {
                "ext-json": "*",
                "ext-pcre": "*",
                "ext-zlib": "*",
                "php": ">=5.4.0",
                "tecnickcom/tc-lib-file": "^1.7",
                "tecnickcom/tc-lib-pdf-encrypt": "^1.6",
                "tecnickcom/tc-lib-unicode-data": "^1.7"
            },
            "require-dev": {
                "pdepend/pdepend": "2.13.0",
                "phploc/phploc": "7.0.2 || 6.0.2 || 5.0.0 || 4.0.1 || 3.0.1 || 2.1.5",
                "phpmd/phpmd": "2.13.0",
                "phpunit/phpunit": "10.1.2 || 9.6.7 || 8.5.31 || 7.5.20 || 6.5.14 || 5.7.27 || 4.8.36",
                "sebastian/phpcpd": "6.0.3 || 5.0.2 || 4.1.0 || 3.0.1 || 2.0.4",
                "squizlabs/php_codesniffer": "3.7.2 || 2.9.2"
            },
            "type": "library",
            "autoload": {
                "psr-4": {
                    "Com\\Tecnick\\Pdf\\Font\\": "src"
                }
            },
            "notification-url": "https://packagist.org/downloads/",
            "license": [
                "LGPL-3.0"
            ],
            "authors": [
                {
                    "name": "Nicola Asuni",
                    "email": "info@tecnick.com",
                    "role": "lead"
                }
            ],
            "description": "PHP library containing PDF page formats and definitions",
            "homepage": "http://www.tecnick.com",
            "keywords": [
                "PFB",
                "afm",
                "font",
                "import",
                "pdf",
                "tc-lib-pdf-font",
                "ttf"
            ],
            "support": {
                "issues": "https://github.com/tecnickcom/tc-lib-pdf-font/issues",
                "source": "https://github.com/tecnickcom/tc-lib-pdf-font/tree/1.11.5"
            },
            "funding": [
                {
                    "url": "https://www.paypal.com/cgi-bin/webscr?cmd=_donations&currency_code=GBP&business=paypal@tecnick.com&item_name=donation%20for%20tc-lib-pdf-font%20project",
                    "type": "custom"
                }
            ],
            "time": "2023-05-04T16:34:19+00:00"
        },
        {
            "name": "tecnickcom/tc-lib-pdf-graph",
            "version": "1.7.7",
            "source": {
                "type": "git",
                "url": "https://github.com/tecnickcom/tc-lib-pdf-graph.git",
                "reference": "600e0edd00a2c181f57df7a9ac01d928e8fe3a9b"
            },
            "dist": {
                "type": "zip",
                "url": "https://api.github.com/repos/tecnickcom/tc-lib-pdf-graph/zipball/600e0edd00a2c181f57df7a9ac01d928e8fe3a9b",
                "reference": "600e0edd00a2c181f57df7a9ac01d928e8fe3a9b",
                "shasum": ""
            },
            "require": {
                "ext-zlib": "*",
                "php": ">=5.4",
                "tecnickcom/tc-lib-color": "^1.14",
                "tecnickcom/tc-lib-pdf-encrypt": "^1.6.0"
            },
            "require-dev": {
                "pdepend/pdepend": "2.13.0",
                "phploc/phploc": "7.0.2 || 6.0.2 || 5.0.0 || 4.0.1 || 3.0.1 || 2.1.5",
                "phpmd/phpmd": "2.13.0",
                "phpunit/phpunit": "10.1.2 || 9.6.7 || 8.5.31 || 7.5.20 || 6.5.14 || 5.7.27 || 4.8.36",
                "sebastian/phpcpd": "6.0.3 || 5.0.2 || 4.1.0 || 3.0.1 || 2.0.4",
                "squizlabs/php_codesniffer": "3.7.2 || 2.9.2"
            },
            "type": "library",
            "autoload": {
                "psr-4": {
                    "Com\\Tecnick\\Pdf\\Graph\\": "src"
                }
            },
            "notification-url": "https://packagist.org/downloads/",
            "license": [
                "LGPL-3.0"
            ],
            "authors": [
                {
                    "name": "Nicola Asuni",
                    "email": "info@tecnick.com",
                    "role": "lead"
                }
            ],
            "description": "PHP library containing PDF graphic and geometric methods",
            "homepage": "http://www.tecnick.com",
            "keywords": [
                "geometry",
                "graphic",
                "pdf",
                "tc-lib-pdf-graph",
                "transformation"
            ],
            "support": {
                "issues": "https://github.com/tecnickcom/tc-lib-pdf-graph/issues",
                "source": "https://github.com/tecnickcom/tc-lib-pdf-graph/tree/1.7.7"
            },
            "funding": [
                {
                    "url": "https://www.paypal.com/cgi-bin/webscr?cmd=_donations&currency_code=GBP&business=paypal@tecnick.com&item_name=donation%20for%20tc-lib-pdf-graph%20project",
                    "type": "custom"
                }
            ],
            "time": "2023-05-04T16:33:12+00:00"
        },
        {
            "name": "tecnickcom/tc-lib-pdf-image",
            "version": "1.4.4",
            "source": {
                "type": "git",
                "url": "https://github.com/tecnickcom/tc-lib-pdf-image.git",
                "reference": "a961629ed744c0e1541aa87ed972c19a6971b032"
            },
            "dist": {
                "type": "zip",
                "url": "https://api.github.com/repos/tecnickcom/tc-lib-pdf-image/zipball/a961629ed744c0e1541aa87ed972c19a6971b032",
                "reference": "a961629ed744c0e1541aa87ed972c19a6971b032",
                "shasum": ""
            },
            "require": {
                "ext-gd": "*",
                "ext-zlib": "*",
                "php": ">=5.4",
                "tecnickcom/tc-lib-color": "^1.14",
                "tecnickcom/tc-lib-file": "^1.7",
                "tecnickcom/tc-lib-pdf-encrypt": "^1.6.0"
            },
            "require-dev": {
                "pdepend/pdepend": "2.13.0",
                "phploc/phploc": "7.0.2 || 6.0.2 || 5.0.0 || 4.0.1 || 3.0.1 || 2.1.5",
                "phpmd/phpmd": "2.13.0",
                "phpunit/phpunit": "10.1.2 || 9.6.7 || 8.5.31 || 7.5.20 || 6.5.14 || 5.7.27 || 4.8.36",
                "sebastian/phpcpd": "6.0.3 || 5.0.2 || 4.1.0 || 3.0.1 || 2.0.4",
                "squizlabs/php_codesniffer": "3.7.2 || 2.9.2"
            },
            "type": "library",
            "autoload": {
                "psr-4": {
                    "Com\\Tecnick\\Pdf\\Image\\": "src"
                }
            },
            "notification-url": "https://packagist.org/downloads/",
            "license": [
                "LGPL-3.0"
            ],
            "authors": [
                {
                    "name": "Nicola Asuni",
                    "email": "info@tecnick.com",
                    "role": "lead"
                }
            ],
            "description": "PHP library containing PDF Image methods",
            "homepage": "http://www.tecnick.com",
            "keywords": [
                "image",
                "jpeg",
                "jpg",
                "pdf",
                "png",
                "tc-lib-pdf-image"
            ],
            "support": {
                "issues": "https://github.com/tecnickcom/tc-lib-pdf-image/issues",
                "source": "https://github.com/tecnickcom/tc-lib-pdf-image/tree/1.4.4"
            },
            "funding": [
                {
                    "url": "https://www.paypal.com/cgi-bin/webscr?cmd=_donations&currency_code=GBP&business=paypal@tecnick.com&item_name=donation%20for%20tc-lib-pdf-image%20project",
                    "type": "custom"
                }
            ],
            "time": "2023-05-04T16:33:27+00:00"
        },
        {
            "name": "tecnickcom/tc-lib-pdf-page",
            "version": "3.1.5",
            "source": {
                "type": "git",
                "url": "https://github.com/tecnickcom/tc-lib-pdf-page.git",
                "reference": "26d78a4532e0f1b58ab8f2d61da4804f30f0c89a"
            },
            "dist": {
                "type": "zip",
                "url": "https://api.github.com/repos/tecnickcom/tc-lib-pdf-page/zipball/26d78a4532e0f1b58ab8f2d61da4804f30f0c89a",
                "reference": "26d78a4532e0f1b58ab8f2d61da4804f30f0c89a",
                "shasum": ""
            },
            "require": {
                "ext-date": "*",
                "ext-zlib": "*",
                "php": ">=5.4",
                "tecnickcom/tc-lib-color": "^1.14",
                "tecnickcom/tc-lib-pdf-encrypt": "^1.6.0"
            },
            "require-dev": {
                "pdepend/pdepend": "2.13.0",
                "phploc/phploc": "7.0.2 || 6.0.2 || 5.0.0 || 4.0.1 || 3.0.1 || 2.1.5",
                "phpmd/phpmd": "2.13.0",
                "phpunit/phpunit": "10.1.2 || 9.6.7 || 8.5.31 || 7.5.20 || 6.5.14 || 5.7.27 || 4.8.36",
                "sebastian/phpcpd": "6.0.3 || 5.0.2 || 4.1.0 || 3.0.1 || 2.0.4",
                "squizlabs/php_codesniffer": "3.7.2 || 2.9.2"
            },
            "type": "library",
            "autoload": {
                "psr-4": {
                    "Com\\Tecnick\\Pdf\\Page\\": "src"
                }
            },
            "notification-url": "https://packagist.org/downloads/",
            "license": [
                "LGPL-3.0"
            ],
            "authors": [
                {
                    "name": "Nicola Asuni",
                    "email": "info@tecnick.com",
                    "role": "lead"
                }
            ],
            "description": "PHP library containing PDF page formats and definitions",
            "homepage": "http://www.tecnick.com",
            "keywords": [
                "format",
                "page",
                "pdf",
                "tc-lib-pdf-page"
            ],
            "support": {
                "issues": "https://github.com/tecnickcom/tc-lib-pdf-page/issues",
                "source": "https://github.com/tecnickcom/tc-lib-pdf-page/tree/3.1.5"
            },
            "funding": [
                {
                    "url": "https://www.paypal.com/cgi-bin/webscr?cmd=_donations&currency_code=GBP&business=paypal@tecnick.com&item_name=donation%20for%20tc-lib-pdf-page%20project",
                    "type": "custom"
                }
            ],
            "time": "2023-05-04T16:32:55+00:00"
        },
        {
            "name": "tecnickcom/tc-lib-unicode",
            "version": "1.4.17",
            "source": {
                "type": "git",
                "url": "https://github.com/tecnickcom/tc-lib-unicode.git",
                "reference": "48217eb8a6eafa9b84324390170be0d9b00f8633"
            },
            "dist": {
                "type": "zip",
                "url": "https://api.github.com/repos/tecnickcom/tc-lib-unicode/zipball/48217eb8a6eafa9b84324390170be0d9b00f8633",
                "reference": "48217eb8a6eafa9b84324390170be0d9b00f8633",
                "shasum": ""
            },
            "require": {
                "ext-mbstring": "*",
                "ext-pcre": "*",
                "php": ">=5.4",
                "tecnickcom/tc-lib-unicode-data": "^1.7"
            },
            "require-dev": {
                "pdepend/pdepend": "2.13.0",
                "phploc/phploc": "7.0.2 || 6.0.2 || 5.0.0 || 4.0.1 || 3.0.1 || 2.1.5",
                "phpmd/phpmd": "2.13.0",
                "phpunit/phpunit": "10.1.2 || 9.6.7 || 8.5.31 || 7.5.20 || 6.5.14 || 5.7.27 || 4.8.36",
                "sebastian/phpcpd": "6.0.3 || 5.0.2 || 4.1.0 || 3.0.1 || 2.0.4",
                "squizlabs/php_codesniffer": "3.7.2 || 2.9.2"
            },
            "type": "library",
            "autoload": {
                "psr-4": {
                    "Com\\Tecnick\\Unicode\\": "src"
                }
            },
            "notification-url": "https://packagist.org/downloads/",
            "license": [
                "LGPL-3.0"
            ],
            "authors": [
                {
                    "name": "Nicola Asuni",
                    "email": "info@tecnick.com",
                    "role": "lead"
                }
            ],
            "description": "PHP library containing Unicode methods",
            "homepage": "http://www.tecnick.com",
            "keywords": [
                "font",
                "pdf",
                "tc-lib-unicode",
                "unicode",
                "utf-8"
            ],
            "support": {
                "issues": "https://github.com/tecnickcom/tc-lib-unicode/issues",
                "source": "https://github.com/tecnickcom/tc-lib-unicode/tree/1.4.17"
            },
            "funding": [
                {
                    "url": "https://www.paypal.com/cgi-bin/webscr?cmd=_donations&currency_code=GBP&business=paypal@tecnick.com&item_name=donation%20for%20tc-lib-unicode%20project",
                    "type": "custom"
                }
            ],
            "time": "2023-05-04T16:32:39+00:00"
        },
        {
            "name": "tecnickcom/tc-lib-unicode-data",
            "version": "1.7.17",
            "source": {
                "type": "git",
                "url": "https://github.com/tecnickcom/tc-lib-unicode-data.git",
                "reference": "50bed0440d829fc51f1ac4e013c9d1ea9140cfaa"
            },
            "dist": {
                "type": "zip",
                "url": "https://api.github.com/repos/tecnickcom/tc-lib-unicode-data/zipball/50bed0440d829fc51f1ac4e013c9d1ea9140cfaa",
                "reference": "50bed0440d829fc51f1ac4e013c9d1ea9140cfaa",
                "shasum": ""
            },
            "require": {
                "php": ">=5.4"
            },
            "require-dev": {
                "pdepend/pdepend": "2.13.0",
                "phploc/phploc": "7.0.2 || 6.0.2 || 5.0.0 || 4.0.1 || 3.0.1 || 2.1.5",
                "phpmd/phpmd": "2.13.0",
                "phpunit/phpunit": "10.1.2 || 9.6.7 || 8.5.31 || 7.5.20 || 6.5.14 || 5.7.27 || 4.8.36",
                "sebastian/phpcpd": "6.0.3 || 5.0.2 || 4.1.0 || 3.0.1 || 2.0.4",
                "squizlabs/php_codesniffer": "3.7.2 || 2.9.2"
            },
            "type": "library",
            "autoload": {
                "psr-4": {
                    "Com\\Tecnick\\Unicode\\Data\\": "src"
                }
            },
            "notification-url": "https://packagist.org/downloads/",
            "license": [
                "LGPL-3.0"
            ],
            "authors": [
                {
                    "name": "Nicola Asuni",
                    "email": "info@tecnick.com",
                    "role": "lead"
                }
            ],
            "description": "PHP library containing Unicode definitions",
            "homepage": "http://www.tecnick.com",
            "keywords": [
                "font",
                "pdf",
                "tc-lib-unicode-data",
                "unicode",
                "utf-8"
            ],
            "support": {
                "issues": "https://github.com/tecnickcom/tc-lib-unicode-data/issues",
                "source": "https://github.com/tecnickcom/tc-lib-unicode-data/tree/1.7.17"
            },
            "funding": [
                {
                    "url": "https://www.paypal.com/cgi-bin/webscr?cmd=_donations&currency_code=GBP&business=paypal@tecnick.com&item_name=donation%20for%20tc-lib-unicode-data%20project",
                    "type": "custom"
                }
            ],
            "time": "2023-05-04T16:31:29+00:00"
        }
    ],
    "packages-dev": [],
    "aliases": [],
    "minimum-stability": "stable",
    "stability-flags": [],
    "prefer-stable": false,
    "prefer-lowest": false,
    "platform": [],
    "platform-dev": [],
    "plugin-api-version": "2.3.0"
}
